
Microsoft Visual Studio Solution File, Format Version 12.00
# Visual Studio 15
VisualStudioVersion = 15.0.27703.2042
MinimumVisualStudioVersion = 10.0.40219.1
Project("{FAE04EC0-301F-11D3-BF4B-00C04F79EFBC}") = "Amsterdam.Http.Extensions", "Amsterdam.Http.Extensions\Amsterdam.Http.Extensions.csproj", "{E5317550-68AA-4FAA-9DD8-4842CE3D4188}"
EndProject
Project("{2150E333-8FDC-42A3-9474-1A3956D46DE8}") = "Solution Items", "Solution Items", "{D250DBAD-D669-41B2-AD19-AC59CB572856}"
	ProjectSection(SolutionItems) = preProject
		.travis.yml = .travis.yml
	EndProjectSection
EndProject
Global
	GlobalSection(SolutionConfigurationPlatforms) = preSolution
		Debug|Any CPU = Debug|Any CPU
		Release|Any CPU = Release|Any CPU
	EndGlobalSection
	GlobalSection(ProjectConfigurationPlatforms) = postSolution
		{E5317550-68AA-4FAA-9DD8-4842CE3D4188}.Debug|Any CPU.ActiveCfg = Debug|Any CPU
		{E5317550-68AA-4FAA-9DD8-4842CE3D4188}.Debug|Any CPU.Build.0 = Debug|Any CPU
		{E5317550-68AA-4FAA-9DD8-4842CE3D4188}.Release|Any CPU.ActiveCfg = Release|Any CPU
		{E5317550-68AA-4FAA-9DD8-4842CE3D4188}.Release|Any CPU.Build.0 = Release|Any CPU
	EndGlobalSection
	GlobalSection(SolutionProperties) = preSolution
		HideSolutionNode = FALSE
	EndGlobalSection
	GlobalSection(ExtensibilityGlobals) = postSolution
		SolutionGuid = {776F7585-93BE-4556-972D-6491512F4A9A}
	EndGlobalSection
EndGlobal
